PODS:
  - iosMath (0.9.5)
  - MathEditor (0.3.0):
    - iosMath (~> 0.9.3)

DEPENDENCIES:
  - iosMath (from `../iosMath`)
  - MathEditor (from `./`)

EXTERNAL SOURCES:
  iosMath:
    :path: "../iosMath"
  MathEditor:
    :path: "./"

SPEC CHECKSUMS:
  iosMath: 4f464433551995d8761ae0c44da88405f5e68ff8
  MathEditor: 0571991a0850213891aead3c2aae6d4b8faa7ced

PODFILE CHECKSUM: d7198fae116448a3fc6b6c0f4c70259b7c9ab928

COCOAPODS: 1.11.2
